
Microsoft Visual Studio Solution File, Format Version 12.00
# Visual Studio Version 17
VisualStudioVersion = 17.0.32112.339
MinimumVisualStudioVersion = 10.0.40219.1
Project("{FAE04EC0-301F-11D3-BF4B-00C04F79EFBC}") = "GestioFCT", "GestioFCT.csproj", "{CFF08C04-E99F-4ACA-96E4-D6D50E2056E2}"
EndProject
Global
	GlobalSection(SolutionConfigurationPlatforms) = preSolution
		Debug|Any CPU = Debug|Any CPU
		Release|Any CPU = Release|Any CPU
	EndGlobalSection
	GlobalSection(ProjectConfigurationPlatforms) = postSolution
		{CFF08C04-E99F-4ACA-96E4-D6D50E2056E2}.Debug|Any CPU.ActiveCfg = Debug|Any CPU
		{CFF08C04-E99F-4ACA-96E4-D6D50E2056E2}.Debug|Any CPU.Build.0 = Debug|Any CPU
		{CFF08C04-E99F-4ACA-96E4-D6D50E2056E2}.Release|Any CPU.ActiveCfg = Release|Any CPU
		{CFF08C04-E99F-4ACA-96E4-D6D50E2056E2}.Release|Any CPU.Build.0 = Release|Any CPU
	EndGlobalSection
	GlobalSection(SolutionProperties) = preSolution
		HideSolutionNode = FALSE
	EndGlobalSection
	GlobalSection(ExtensibilityGlobals) = postSolution
		SolutionGuid = {FA5E5E16-1093-4E0A-911A-C4A01BEF40CC}
	EndGlobalSection
EndGlobal
